# THIS IS AN AUTOGENERATED FILE. DO NOT EDIT THIS FILE DIRECTLY.
# yarn lockfile v1


kdbxweb@1.2.5:
  version "1.2.5"
  resolved "https://registry.yarnpkg.com/kdbxweb/-/kdbxweb-1.2.5.tgz#839ce850fb4d77f08ddd8d4c388dccbdc848b931"
  integrity sha512-DDlKR3Z//yP/pEX1AUDnTYVdQO36t9lh1k6tRX/PdCKJaiOTbp9mrmSgzuS7AsRoyEzeEFRbIaqToXC2ZNGG9w==
  dependencies:
    pako "github:keeweb/pako#653c0b00d8941c89d09ed4546d2179001ec44efc"
    text-encoding "github:keeweb/text-encoding#4dfb7cb0954c222852092f8b06ae4f6b4f60bfbb"
    xmldom "github:keeweb/xmldom#ec8f61f723e2f403adaf7a1bbf55ced4ff1ea0c6"

minimist@1.2.0:
  version "1.2.0"
  resolved "https://registry.yarnpkg.com/minimist/-/minimist-1.2.0.tgz#a35008b20f41383eec1fb914f4cd5df79a264284"
  integrity sha1-o1AIsg9BOD7sH7kU9M1d95omQoQ=

"pako@github:keeweb/pako#653c0b00d8941c89d09ed4546d2179001ec44efc":
  version "1.0.3"
  resolved "https://codeload.github.com/keeweb/pako/tar.gz/653c0b00d8941c89d09ed4546d2179001ec44efc"

"text-encoding@github:keeweb/text-encoding#4dfb7cb0954c222852092f8b06ae4f6b4f60bfbb":
  version "0.6.0"
  resolved "https://codeload.github.com/keeweb/text-encoding/tar.gz/4dfb7cb0954c222852092f8b06ae4f6b4f60bfbb"

"xmldom@github:keeweb/xmldom#ec8f61f723e2f403adaf7a1bbf55ced4ff1ea0c6":
  version "0.1.21"
  resolved "https://codeload.github.com/keeweb/xmldom/tar.gz/ec8f61f723e2f403adaf7a1bbf55ced4ff1ea0c6"
